
Microsoft Visual Studio Solution File, Format Version 12.00
# Visual Studio Version 16
VisualStudioVersion = 16.0.30611.23
MinimumVisualStudioVersion = 10.0.40219.1
Project("{FAE04EC0-301F-11D3-BF4B-00C04F79EFBC}") = "WebClick", "WebClick.csproj", "{ABC6CAA5-609A-437F-8F62-D360872FDDE9}"
EndProject
Global
	GlobalSection(SolutionConfigurationPlatforms) = preSolution
		Debug|Any CPU = Debug|Any CPU
		Release|Any CPU = Release|Any CPU
	EndGlobalSection
	GlobalSection(ProjectConfigurationPlatforms) = postSolution
		{ABC6CAA5-609A-437F-8F62-D360872FDDE9}.Debug|Any CPU.ActiveCfg = Debug|Any CPU
		{ABC6CAA5-609A-437F-8F62-D360872FDDE9}.Debug|Any CPU.Build.0 = Debug|Any CPU
		{ABC6CAA5-609A-437F-8F62-D360872FDDE9}.Release|Any CPU.ActiveCfg = Release|Any CPU
		{ABC6CAA5-609A-437F-8F62-D360872FDDE9}.Release|Any CPU.Build.0 = Release|Any CPU
	EndGlobalSection
	GlobalSection(SolutionProperties) = preSolution
		HideSolutionNode = FALSE
	EndGlobalSection
	GlobalSection(ExtensibilityGlobals) = postSolution
		SolutionGuid = {DDCEFF6F-8A94-446E-B720-2EC6E99DE1AA}
	EndGlobalSection
EndGlobal
